
Microsoft Visual Studio Solution File, Format Version 12.00
# Visual Studio Version 17
VisualStudioVersion = 17.8.34601.278
MinimumVisualStudioVersion = 10.0.40219.1
Project("{FAE04EC0-301F-11D3-BF4B-00C04F79EFBC}") = "MusicGradeApp", "MusicGradeApp\MusicGradeApp.csproj", "{ED16912E-128E-4B65-A6DF-ADDE73CCE49E}"
EndProject
Global
	GlobalSection(SolutionConfigurationPlatforms) = preSolution
		Debug|Any CPU = Debug|Any CPU
		Release|Any CPU = Release|Any CPU
	EndGlobalSection
	GlobalSection(ProjectConfigurationPlatforms) = postSolution
		{ED16912E-128E-4B65-A6DF-ADDE73CCE49E}.Debug|Any CPU.ActiveCfg = Debug|Any CPU
		{ED16912E-128E-4B65-A6DF-ADDE73CCE49E}.Debug|Any CPU.Build.0 = Debug|Any CPU
		{ED16912E-128E-4B65-A6DF-ADDE73CCE49E}.Release|Any CPU.ActiveCfg = Release|Any CPU
		{ED16912E-128E-4B65-A6DF-ADDE73CCE49E}.Release|Any CPU.Build.0 = Release|Any CPU
	EndGlobalSection
	GlobalSection(SolutionProperties) = preSolution
		HideSolutionNode = FALSE
	EndGlobalSection
	GlobalSection(ExtensibilityGlobals) = postSolution
		SolutionGuid = {C66892D9-9020-4063-AF36-FB7EEA77A786}
	EndGlobalSection
EndGlobal
